Microsoft Visual Studio Solution File, Format Version 11.00
# Visual Studio 2008

Project("{4A9B6B8E-276A-6178-9C15-625848C69279}") = "eternal-client", "Assembly-CSharp.csproj", "{2C7CB105-5694-1A05-CED6-64DA4334C827}"
EndProject
Global
	GlobalSection(SolutionConfigurationPlatforms) = preSolution
		Debug|Any CPU = Debug|Any CPU
		Release|Any CPU = Release|Any CPU
	EndGlobalSection
	GlobalSection(ProjectConfigurationPlatforms) = postSolution
		{2C7CB105-5694-1A05-CED6-64DA4334C827}.Debug|Any CPU.ActiveCfg = Debug|Any CPU
		{2C7CB105-5694-1A05-CED6-64DA4334C827}.Debug|Any CPU.Build.0 = Debug|Any CPU
		{2C7CB105-5694-1A05-CED6-64DA4334C827}.Release|Any CPU.ActiveCfg = Release|Any CPU
		{2C7CB105-5694-1A05-CED6-64DA4334C827}.Release|Any CPU.Build.0 = Release|Any CPU
	EndGlobalSection
	GlobalSection(SolutionProperties) = preSolution
		HideSolutionNode = FALSE
	EndGlobalSection
	GlobalSection(MonoDevelopProperties) = preSolution
		StartupItem = Assembly-CSharp.csproj
	EndGlobalSection
EndGlobal
